{
  "name": "eslint-plugin-wolkenkit",
  "version": "1.0.0",
  "lockfileVersion": 1,
  "requires": true,
  "dependencies": {
    "eslint": {
      "version": "3.12.2",
      "resolved": "https://registry.npmjs.org/eslint/-/eslint-3.12.2.tgz",
      "integrity": "sha1-a+WpqillglKr1/kekTK6sfJvPDQ=",
      "dev": true
    },
    "lodash": {
      "version": "4.17.21",
      "resolved": "https://registry.npmjs.org/lodash/-/lodash-4.17.21.tgz",
      "integrity": "sha512-v2kDEe57lecTulaDIuNTPy3Ry4gLGJ6Z1O3vE1krgXZNrsQ+LFTGHVxVjcXPs17LhbZVGedAJv8XZ1tvj5FvSg=="
    },
    "require-dir": {
      "version": "0.3.2",
      "resolved": "https://registry.npmjs.org/require-dir/-/require-dir-0.3.2.tgz",
      "integrity": "sha1-wdXHXp+//eny5rM+OD209ZS1pqk="
    },
    "roboter": {
      "version": "0.15.2",
      "resolved": "https://registry.npmjs.org/roboter/-/roboter-0.15.2.tgz",
      "integrity": "sha512-qtI5zz5uOYXQoU0TJjMa0dWdfJL7oxnDFgIaZ/CZPjYQok81lniGftyCqf2oomg0ntIqk1FjlJylUJWT/Sw/kw==",
      "dev": true,
      "dependencies": {
        "doctrine": {
          "version": "2.0.0",
          "resolved": "https://registry.npmjs.org/doctrine/-/doctrine-2.0.0.tgz",
          "integrity": "sha1-xz2NKQnSIpHhoAejlYBNqLZl/mM="
        },
        "eslint": {
          "version": "3.19.0",
          "resolved": "https://registry.npmjs.org/eslint/-/eslint-3.19.0.tgz",
          "integrity": "sha1-yPxiAcf0DdCJQbh8CFdnOGpnmsw="
        },
        "minimist": {
          "version": "1.2.0",
          "resolved": "https://registry.npmjs.org/minimist/-/minimist-1.2.0.tgz",
          "integrity": "sha1-o1AIsg9BOD7sH7kU9M1d95omQoQ="
        },
        "strip-json-comments": {
          "version": "2.0.1",
          "resolved": "https://registry.npmjs.org/strip-json-comments/-/strip-json-comments-2.0.1.tgz",
          "integrity": "sha1-PFMZQukIwml8DsNEhYwobHygpgo="
        }
      }
    },
    "roboter-server": {
      "version": "0.15.2",
      "resolved": "https://registry.npmjs.org/roboter-server/-/roboter-server-0.15.2.tgz",
      "integrity": "sha512-F/GM2EO5yHZfjdx9Ulq9lhehjSE2SgNTd9wKtdT8URGz8zOSk5ROsNhhbVUU7TXlRkPnprXOyGViH+1oxK8LKg==",
      "dev": true
    }
  }
}
